{
	"name": "wxapp-mpvue",
	"version": "1.0.0",
	"lockfileVersion": 1,
	"requires": true,
	"dependencies": {
		"autoprefixer": {
			"version": "8.6.5",
			"resolved": "https://registry.npmjs.org/autoprefixer/-/autoprefixer-8.6.5.tgz",
			"integrity": "sha512-PLWJN3Xo/rycNkx+mp8iBDMTm3FeWe4VmYaZDSqL5QQB9sLsQkG5k8n+LNDFnhh9kdq2K+egL/icpctOmDHwig==",
			"dev": true,
			"requires": {
				"browserslist": "^3.2.8",
				"caniuse-lite": "^1.0.30000864",
				"normalize-range": "^0.1.2",
				"num2fraction": "^1.2.2",
				"postcss": "^6.0.23",
				"postcss-value-parser": "^3.2.3"
			},
			"dependencies": {
				"caniuse-lite": {
					"version": "1.0.30001431",
					"resolved": "https://registry.npmjs.org/caniuse-lite/-/caniuse-lite-1.0.30001431.tgz",
					"integrity": "sha512-zBUoFU0ZcxpvSt9IU66dXVT/3ctO1cy4y9cscs1szkPlcWb6pasYM144GqrUygUbT+k7cmUCW61cvskjcv0enQ==",
					"dev": true
				},
				"postcss": {
					"version": "6.0.23",
					"resolved": "https://registry.npmjs.org/postcss/-/postcss-6.0.23.tgz",
					"integrity": "sha512-soOk1h6J3VMTZtVeVpv15/Hpdl2cBLX3CAw4TAbkpTJiNPk9YP/zWcD1ND+xEtvyuuvKzbxliTOIyvkSeSJ6ag==",
					"dev": true,
					"requires": {
						"chalk": "^2.4.1",
						"source-map": "^0.6.1",
						"supports-color": "^5.4.0"
					}
				},
				"source-map": {
					"version": "0.6.1",
					"resolved": "https://registry.npmjs.org/source-map/-/source-map-0.6.1.tgz",
					"integrity": "sha512-UjgapumWlbMhkBgzT7Ykc5YXUT46F0iKu8SGXq0bcwP5dz/h0Plj6enJqjz1Zbq2l5WaqYnrVbwWOWMyF3F47g==",
					"dev": true
				},
				"supports-color": {
					"version": "5.5.0",
					"resolved": "https://registry.npmjs.org/supports-color/-/supports-color-5.5.0.tgz",
					"integrity": "sha512-QjVjwdXIt408MIiAqCX4oUKsgU2EqAGzs2Ppkm4aQYbjm+ZEWEcW4SfFNTr4uMNZma0ey4f5lgLrkB0aX0QMow==",
					"dev": true,
					"requires": {
						"has-flag": "^3.0.0"
					}
				}
			}
		},
		"babel-core": {
			"version": "6.26.3",
			"resolved": "http://registry.npm.taobao.org/babel-core/download/babel-core-6.26.3.tgz",
			"integrity": "sha1-suLwnjQtDwyI4vAuBneUEl51wgc=",
			"dev": true
		},
		"babel-eslint": {
			"version": "8.2.3",
			"resolved": "http://registry.npm.taobao.org/babel-eslint/download/babel-eslint-8.2.3.tgz",
			"integrity": "sha1-Gi5mgcybxEc8MomeWZFeGc1nM88=",
			"dev": true,
			"dependencies": {
				"babylon": {
					"version": "7.0.0-beta.44",
					"resolved": "http://registry.npm.taobao.org/babylon/download/babylon-7.0.0-beta.44.tgz",
					"integrity": "sha1-iRWeFebjDFCW4i1zjYwK+KDoyh0="
				}
			}
		},
		"babel-loader": {
			"version": "7.1.4",
			"resolved": "http://registry.npm.taobao.org/babel-loader/download/babel-loader-7.1.4.tgz",
			"integrity": "sha1-40Y5OL1ObVXRwXTFSF1AahiO0BU=",
			"dev": true
		},
		"babel-plugin-transform-runtime": {
			"version": "6.23.0",
			"resolved": "http://registry.npm.taobao.org/babel-plugin-transform-runtime/download/babel-plugin-transform-runtime-6.23.0.tgz",
			"integrity": "sha1-iEkNRGUC6puOfvsP4J7E2ZR5se4=",
			"dev": true
		},
		"babel-preset-env": {
			"version": "1.7.0",
			"resolved": "http://registry.npm.taobao.org/babel-preset-env/download/babel-preset-env-1.7.0.tgz",
			"integrity": "sha1-3qefpOvriDzTXasH4mDBycBN93o=",
			"dev": true
		},
		"babel-preset-stage-2": {
			"version": "6.24.1",
			"resolved": "http://registry.npm.taobao.org/babel-preset-stage-2/download/babel-preset-stage-2-6.24.1.tgz",
			"integrity": "sha1-2eKWD7PXEYfw5k7sYrwHdnIZvcE=",
			"dev": true
		},
		"babel-register": {
			"version": "6.26.0",
			"resolved": "http://registry.npm.taobao.org/babel-register/download/babel-register-6.26.0.tgz",
			"integrity": "sha1-btAhFz4vy0htestFxgCahW9kcHE=",
			"dev": true
		},
		"babelon": {
			"version": "1.0.5",
			"resolved": "http://registry.npm.taobao.org/babelon/download/babelon-1.0.5.tgz",
			"integrity": "sha1-jIiAWFrhwpDr7GNsVv72sAkVHXY=",
			"dev": true
		},
		"browserslist": {
			"version": "3.2.8",
			"resolved": "http://registry.npm.taobao.org/browserslist/download/browserslist-3.2.8.tgz",
			"integrity": "sha1-sABTYdZHHw9ZUnl6dvyYXx+Xj8Y=",
			"dev": true
		},
		"chalk": {
			"version": "2.4.1",
			"resolved": "http://registry.npm.taobao.org/chalk/download/chalk-2.4.1.tgz",
			"integrity": "sha1-GMSasWoDe26wFSzIPjRxM4IVtm4=",
			"dev": true,
			"dependencies": {
				"ansi-styles": {
					"version": "3.2.1",
					"resolved": "http://registry.npm.taobao.org/ansi-styles/download/ansi-styles-3.2.1.tgz",
					"integrity": "sha1-QfuyAkPlCxK+DwS43tvwdSDOhB0="
				},
				"supports-color": {
					"version": "5.4.0",
					"resolved": "http://registry.npm.taobao.org/supports-color/download/supports-color-5.4.0.tgz",
					"integrity": "sha1-HGszdALCE3YF7+GfEP7DkPb6q1Q="
				}
			}
		},
		"chokidar": {
			"version": "2.0.3",
			"resolved": "http://registry.npm.taobao.org/chokidar/download/chokidar-2.0.3.tgz",
			"integrity": "sha1-3L1PbLsqVbR5m6ioQKxSfl9LEXY=",
			"dev": true
		},
		"connect-history-api-fallback": {
			"version": "1.5.0",
			"resolved": "http://registry.npm.taobao.org/connect-history-api-fallback/download/connect-history-api-fallback-1.5.0.tgz",
			"integrity": "sha1-sGhzk0vF40T+9hGhlqb6rgruAVo=",
			"dev": true
		},
		"consolidate": {
			"version": "0.14.5",
			"resolved": "http://registry.npm.taobao.org/consolidate/download/consolidate-0.14.5.tgz",
			"integrity": "sha1-WiUEe8dvcwcmZ8jLUsmJiI9JTGM=",
			"dev": true
		},
		"copy-webpack-plugin": {
			"version": "4.5.1",
			"resolved": "http://registry.npm.taobao.org/copy-webpack-plugin/download/copy-webpack-plugin-4.5.1.tgz",
			"integrity": "sha1-/E9o9K3YN8xeE9ERsgcVeTIl0pw=",
			"dev": true
		},
		"cross-env": {
			"version": "5.2.0",
			"resolved": "http://registry.npm.taobao.org/cross-env/download/cross-env-5.2.0.tgz",
			"integrity": "sha1-bs1MAV1Xc+YUA57lKQdmabnRJvI=",
			"dev": true,
			"dependencies": {
				"cross-spawn": {
					"version": "6.0.5",
					"resolved": "http://registry.npm.taobao.org/cross-spawn/download/cross-spawn-6.0.5.tgz",
					"integrity": "sha1-Sl7Hxk364iw6FBJNus3uhG2Ay8Q="
				}
			}
		},
		"css-loader": {
			"version": "0.28.11",
			"resolved": "http://registry.npm.taobao.org/css-loader/download/css-loader-0.28.11.tgz",
			"integrity": "sha1-w/mGSnAL4nEbtaJGKyOJsaOS2rc=",
			"dev": true
		},
		"cssnano": {
			"version": "3.10.0",
			"resolved": "http://registry.npm.taobao.org/cssnano/download/cssnano-3.10.0.tgz",
			"integrity": "sha1-Tzj2zqK5sX+gFJDyPx3GjqZcHDg=",
			"dev": true
		},
		"de-indent": {
			"version": "1.0.2",
			"resolved": "http://registry.npm.taobao.org/de-indent/download/de-indent-1.0.2.tgz",
			"integrity": "sha1-sgOOhG3DO6pXlhKNCAS0VbjB4h0=",
			"dev": true
		},
		"deep-equal": {
			"version": "1.0.1",
			"resolved": "http://registry.npm.taobao.org/deep-equal/download/deep-equal-1.0.1.tgz",
			"integrity": "sha1-9dJgKStmDghO/0zbyfCK0yR0SLU=",
			"dev": true
		},
		"eslint": {
			"version": "4.19.1",
			"resolved": "http://registry.npm.taobao.org/eslint/download/eslint-4.19.1.tgz",
			"integrity": "sha1-MtHWU+HZBAiFS/spbwdux+GGowA=",
			"dev": true,
			"dependencies": {
				"ansi-regex": {
					"version": "3.0.0",
					"resolved": "http://registry.npm.taobao.org/ansi-regex/download/ansi-regex-3.0.0.tgz",
					"integrity": "sha1-7QMXwyIGT3lGbAKWa922Bas32Zg="
				},
				"debug": {
					"version": "3.1.0",
					"resolved": "http://registry.npm.taobao.org/debug/download/debug-3.1.0.tgz",
					"integrity": "sha1-W7WgZyYotkFJVmuhaBnmFRjGcmE="
				},
				"esprima": {
					"version": "4.0.0",
					"resolved": "http://registry.npm.taobao.org/esprima/download/esprima-4.0.0.tgz",
					"integrity": "sha1-RJnt3NERDgshi6zy+n9/WfVcqAQ="
				},
				"globals": {
					"version": "11.5.0",
					"resolved": "http://registry.npm.taobao.org/globals/download/globals-11.5.0.tgz",
					"integrity": "sha1-a8hA3mdxFzsZHxPTqclNRB7pJkI="
				},
				"js-yaml": {
					"version": "3.11.0",
					"resolved": "http://registry.npm.taobao.org/js-yaml/download/js-yaml-3.11.0.tgz",
					"integrity": "sha1-WXwai9VxUvJtYizkEXhRpR9euu8="
				},
				"strip-ansi": {
					"version": "4.0.0",
					"resolved": "http://registry.npm.taobao.org/strip-ansi/download/strip-ansi-4.0.0.tgz",
					"integrity": "sha1-qEeQIusaw2iocTibY1JixQXuNo8="
				}
			}
		},
		"eslint-config-standard": {
			"version": "11.0.0",
			"resolved": "http://registry.npm.taobao.org/eslint-config-standard/download/eslint-config-standard-11.0.0.tgz",
			"integrity": "sha1-h+4NPJ2VOC3HYZWMuyPanuox4Lo=",
			"dev": true
		},
		"eslint-friendly-formatter": {
			"version": "4.0.1",
			"resolved": "http://registry.npm.taobao.org/eslint-friendly-formatter/download/eslint-friendly-formatter-4.0.1.tgz",
			"integrity": "sha1-J9UE3IN/fK3b8gGy6EpO5zC6Pvo=",
			"dev": true,
			"dependencies": {
				"ansi-regex": {
					"version": "3.0.0",
					"resolved": "http://registry.npm.taobao.org/ansi-regex/download/ansi-regex-3.0.0.tgz",
					"integrity": "sha1-7QMXwyIGT3lGbAKWa922Bas32Zg="
				},
				"minimist": {
					"version": "1.2.0",
					"resolved": "http://registry.npm.taobao.org/minimist/download/minimist-1.2.0.tgz",
					"integrity": "sha1-o1AIsg9BOD7sH7kU9M1d95omQoQ="
				},
				"strip-ansi": {
					"version": "4.0.0",
					"resolved": "http://registry.npm.taobao.org/strip-ansi/download/strip-ansi-4.0.0.tgz",
					"integrity": "sha1-qEeQIusaw2iocTibY1JixQXuNo8="
				}
			}
		},
		"eslint-loader": {
			"version": "2.0.0",
			"resolved": "http://registry.npm.taobao.org/eslint-loader/download/eslint-loader-2.0.0.tgz",
			"integrity": "sha1-0TZhm1xoTjZTH/woxgpW5ARgj10=",
			"dev": true
		},
		"eslint-plugin-html": {
			"version": "4.0.3",
			"resolved": "http://registry.npm.taobao.org/eslint-plugin-html/download/eslint-plugin-html-4.0.3.tgz",
			"integrity": "sha1-l9Utz54ickUF0CcZ+9AnVAE8ihc=",
			"dev": true
		},
		"eslint-plugin-import": {
			"version": "2.12.0",
			"resolved": "http://registry.npm.taobao.org/eslint-plugin-import/download/eslint-plugin-import-2.12.0.tgz",
			"integrity": "sha1-2tMXgSktZmSyUxf9BJ0uKy8CIF0=",
			"dev": true,
			"dependencies": {
				"doctrine": {
					"version": "1.5.0",
					"resolved": "http://registry.npm.taobao.org/doctrine/download/doctrine-1.5.0.tgz",
					"integrity": "sha1-N53Ocw9hZvds76TmcHoVmwLFpvo="
				}
			}
		},
		"eslint-plugin-node": {
			"version": "6.0.1",
			"resolved": "http://registry.npm.taobao.org/eslint-plugin-node/download/eslint-plugin-node-6.0.1.tgz",
			"integrity": "sha1-vxlkIpgGQ3kxXXpLKnWTc3b6BeQ=",
			"dev": true
		},
		"eslint-plugin-promise": {
			"version": "3.8.0",
			"resolved": "http://registry.npm.taobao.org/eslint-plugin-promise/download/eslint-plugin-promise-3.8.0.tgz",
			"integrity": "sha1-ZevyeoRePB6db2pWIt3TgBaUtiE=",
			"dev": true
		},
		"eslint-plugin-standard": {
			"version": "3.1.0",
			"resolved": "http://registry.npm.taobao.org/eslint-plugin-standard/download/eslint-plugin-standard-3.1.0.tgz",
			"integrity": "sha1-Kp4hJZukxHwC1TstDJE11LECLUc=",
			"dev": true
		},
		"eventsource-polyfill": {
			"version": "0.9.6",
			"resolved": "http://registry.npm.taobao.org/eventsource-polyfill/download/eventsource-polyfill-0.9.6.tgz",
			"integrity": "sha1-EODRh/ERsWfyj9q5GIQ859gY8Tw=",
			"dev": true
		},
		"express": {
			"version": "4.16.3",
			"resolved": "http://registry.npm.taobao.org/express/download/express-4.16.3.tgz",
			"integrity": "sha1-avilAjUNsyRuzEvs9rWjTSL37VM=",
			"dev": true,
			"dependencies": {
				"qs": {
					"version": "6.5.1",
					"resolved": "http://registry.npm.taobao.org/qs/download/qs-6.5.1.tgz",
					"integrity": "sha1-NJzfbu+J7EXBLX1es/wMhwNDptg="
				},
				"safe-buffer": {
					"version": "5.1.1",
					"resolved": "http://registry.npm.taobao.org/safe-buffer/download/safe-buffer-5.1.1.tgz",
					"integrity": "sha1-iTMSr2myEj3vcfV4iQAWce6yyFM="
				}
			}
		},
		"extract-text-webpack-plugin": {
			"version": "3.0.2",
			"resolved": "http://registry.npm.taobao.org/extract-text-webpack-plugin/download/extract-text-webpack-plugin-3.0.2.tgz",
			"integrity": "sha1-XwQ+qgL5dQqSWLeMCm4NwUCPsvc=",
			"dev": true
		},
		"file-loader": {
			"version": "1.1.11",
			"resolved": "http://registry.npm.taobao.org/file-loader/download/file-loader-1.1.11.tgz",
			"integrity": "sha1-b+iGRJsPKpNuQ8q6rAzb+zaVBvg=",
			"dev": true,
			"dependencies": {
				"ajv": {
					"version": "6.5.0",
					"resolved": "http://registry.npm.taobao.org/ajv/download/ajv-6.5.0.tgz",
					"integrity": "sha1-TIr/34CIfY8TLJxSq4otxNC3skw="
				},
				"ajv-keywords": {
					"version": "3.2.0",
					"resolved": "http://registry.npm.taobao.org/ajv-keywords/download/ajv-keywords-3.2.0.tgz",
					"integrity": "sha1-6GuBnGAs+IIa1jdBNpjx3sAhhHo="
				},
				"fast-deep-equal": {
					"version": "2.0.1",
					"resolved": "http://registry.npm.taobao.org/fast-deep-equal/download/fast-deep-equal-2.0.1.tgz",
					"integrity": "sha1-ewUhjd+WZ79/Nwv3/bLLFf3Qqkk="
				},
				"schema-utils": {
					"version": "0.4.5",
					"resolved": "http://registry.npm.taobao.org/schema-utils/download/schema-utils-0.4.5.tgz",
					"integrity": "sha1-IYNvBgiqwXt4+ePiTa/xSlyhOj4="
				}
			}
		},
		"flyio": {
			"version": "0.5.9",
			"resolved": "http://registry.npm.taobao.org/flyio/download/flyio-0.5.9.tgz",
			"integrity": "sha1-1lMFrEeYTEMucVHjymgFzc23Mh4="
		},
		"friendly-errors-webpack-plugin": {
			"version": "1.7.0",
			"resolved": "http://registry.npm.taobao.org/friendly-errors-webpack-plugin/download/friendly-errors-webpack-plugin-1.7.0.tgz",
			"integrity": "sha1-78hsu4FiJFZYYaG+ep2E0Kr+oTY=",
			"dev": true,
			"dependencies": {
				"chalk": {
					"version": "1.1.3",
					"resolved": "http://registry.npm.taobao.org/chalk/download/chalk-1.1.3.tgz",
					"integrity": "sha1-qBFcVeSnAv5NFQq9OHKCKn4J/Jg="
				}
			}
		},
		"glob": {
			"version": "7.1.2",
			"resolved": "http://registry.npm.taobao.org/glob/download/glob-7.1.2.tgz",
			"integrity": "sha1-wZyd+aAocC1nhhI4SmVSQExjbRU=",
			"dev": true
		},
		"has-flag": {
			"version": "3.0.0",
			"resolved": "http://registry.npm.taobao.org/has-flag/download/has-flag-3.0.0.tgz",
			"integrity": "sha1-tdRU3CGZriJWmfNGfloH87lVuv0=",
			"dev": true
		},
		"hash-sum": {
			"version": "1.0.2",
			"resolved": "http://registry.npm.taobao.org/hash-sum/download/hash-sum-1.0.2.tgz",
			"integrity": "sha1-M7QHd3VMZDJXPBIMw4CLvRDUfwQ=",
			"dev": true
		},
		"he": {
			"version": "1.1.1",
			"resolved": "http://registry.npm.taobao.org/he/download/he-1.1.1.tgz",
			"integrity": "sha1-k0EP0hsAlzUVH4howvJx80J+I/0=",
			"dev": true
		},
		"html-webpack-plugin": {
			"version": "3.2.0",
			"resolved": "http://registry.npm.taobao.org/html-webpack-plugin/download/html-webpack-plugin-3.2.0.tgz",
			"integrity": "sha1-sBq71yOsqqeze2r0SS69oD2d03s=",
			"dev": true
		},
		"http-proxy-middleware": {
			"version": "0.18.0",
			"resolved": "http://registry.npm.taobao.org/http-proxy-middleware/download/http-proxy-middleware-0.18.0.tgz",
			"integrity": "sha1-CYfmu1pWBuWmkWjY+WeofxXdiqs=",
			"dev": true
		},
		"isarray": {
			"version": "1.0.0",
			"resolved": "http://registry.npm.taobao.org/isarray/download/isarray-1.0.0.tgz",
			"integrity": "sha1-u5NdSFgsuhaMBoNJV6VKPgcSTxE=",
			"dev": true
		},
		"js-beautify": {
			"version": "1.7.5",
			"resolved": "http://registry.npm.taobao.org/js-beautify/download/js-beautify-1.7.5.tgz",
			"integrity": "sha1-adllHvYNu2SfZVJ7U2dJUBOKeRk=",
			"dev": true
		},
		"loader-utils": {
			"version": "1.4.2",
			"resolved": "https://registry.npmjs.org/loader-utils/-/loader-utils-1.4.2.tgz",
			"integrity": "sha512-I5d00Pd/jwMD2QCduo657+YM/6L3KZu++pmX9VFncxaxvHcru9jx1lBaFft+r4Mt2jK0Yhp41XlRAihzPxHNCg==",
			"dev": true,
			"requires": {
				"big.js": "^5.2.2",
				"emojis-list": "^3.0.0",
				"json5": "^1.0.1"
			},
			"dependencies": {
				"big.js": {
					"version": "5.2.2",
					"resolved": "https://registry.npmjs.org/big.js/-/big.js-5.2.2.tgz",
					"integrity": "sha512-vyL2OymJxmarO8gxMr0mhChsO9QGwhynfuu4+MHTAW6czfq9humCB7rKpUjDd9YUiDPU4mzpyupFSvOClAwbmQ==",
					"dev": true
				},
				"emojis-list": {
					"version": "3.0.0",
					"resolved": "https://registry.npmjs.org/emojis-list/-/emojis-list-3.0.0.tgz",
					"integrity": "sha512-/kyM18EfinwXZbno9FyUGeFh87KC8HRQBQGildHZbEuRyWFOmv1U10o9BBp8XVZDVNNuQKyIGIu5ZYAAXJ0V2Q==",
					"dev": true
				},
				"json5": {
					"version": "1.0.1",
					"resolved": "https://registry.npmjs.org/json5/-/json5-1.0.1.tgz",
					"integrity": "sha512-aKS4WQjPenRxiQsC93MNfjx+nbF4PAdYzmd/1JIj8HYzqfbu86beTuNgXDzPknWk0n0uARlyewZo4s++ES36Ow==",
					"dev": true,
					"requires": {
						"minimist": "^1.2.0"
					}
				},
				"minimist": {
					"version": "1.2.7",
					"resolved": "https://registry.npmjs.org/minimist/-/minimist-1.2.7.tgz",
					"integrity": "sha512-bzfL1YUZsP41gmu/qjrEk0Q6i2ix/cVeAhbCbqH9u3zYutS1cLg00qhrD0M2MVdCcx4Sc0UpP2eBWo9rotpq6g==",
					"dev": true
				}
			}
		},
		"lru-cache": {
			"version": "4.1.3",
			"resolved": "http://registry.npm.taobao.org/lru-cache/download/lru-cache-4.1.3.tgz",
			"integrity": "sha1-oRdc80lt/IQ2wVbDNLSVWZK85pw=",
			"dev": true
		},
		"md5": {
			"version": "2.2.1",
			"resolved": "http://registry.npm.taobao.org/md5/download/md5-2.2.1.tgz",
			"integrity": "sha1-U6s41f48iJG6RlMp6iP6wFQBJvk="
		},
		"mkdirp": {
			"version": "0.5.1",
			"resolved": "http://registry.npm.taobao.org/mkdirp/download/mkdirp-0.5.1.tgz",
			"integrity": "sha1-MAV0OOrGz3+MR2fzhkjWaX11yQM=",
			"dev": true
		},
		"moment": {
			"version": "2.22.2",
			"resolved": "http://registry.npm.taobao.org/moment/download/moment-2.22.2.tgz",
			"integrity": "sha1-PCV/mDn8DpP/UxSWMiOeuQeD/2Y="
		},
		"mpvue": {
			"version": "1.4.6",
			"resolved": "https://registry.npmjs.org/mpvue/-/mpvue-1.4.6.tgz",
			"integrity": "sha512-cypmyK/ZfA+Mao0gKVUT/KDTVy0F+SdqNsPb7pnyswrg8Nj5ZJDozIEZyAJGvBHu9VTLBJE4zmlOWALKG773oA=="
		},
		"mpvue-loader": {
			"version": "1.4.0",
			"resolved": "https://registry.npmjs.org/mpvue-loader/-/mpvue-loader-1.4.0.tgz",
			"integrity": "sha512-LbLBck0E4Arr4Q4Gtg3XFn5pl9pEaMzJdptdlQ0bO8JTYYPC+WPTboz0K4GsJSjq0UdV/wjQDwZTeOpkqd2LWQ==",
			"dev": true,
			"requires": {
				"babelon": "^1.0.5",
				"consolidate": "^0.14.0",
				"deep-equal": "^1.0.1",
				"hash-sum": "^1.0.2",
				"js-beautify": "^1.6.14",
				"loader-utils": "^1.1.0",
				"lru-cache": "^4.1.1",
				"mkdirp": "^0.5.1",
				"postcss": "^6.0.6",
				"postcss-load-config": "^1.1.0",
				"postcss-selector-parser": "^2.0.0",
				"relative": "^3.0.2",
				"resolve": "^1.3.3",
				"source-map": "^0.5.6",
				"upath": "^1.1.0",
				"vue-hot-reload-api": "^2.1.0",
				"vue-loader": "^13.0.4",
				"vue-style-loader": "^3.0.0",
				"vue-template-es2015-compiler": "^1.5.3"
			},
			"dependencies": {
				"postcss": {
					"version": "6.0.23",
					"resolved": "https://registry.npmjs.org/postcss/-/postcss-6.0.23.tgz",
					"integrity": "sha512-soOk1h6J3VMTZtVeVpv15/Hpdl2cBLX3CAw4TAbkpTJiNPk9YP/zWcD1ND+xEtvyuuvKzbxliTOIyvkSeSJ6ag==",
					"dev": true,
					"requires": {
						"chalk": "^2.4.1",
						"source-map": "^0.6.1",
						"supports-color": "^5.4.0"
					},
					"dependencies": {
						"source-map": {
							"version": "0.6.1",
							"resolved": "https://registry.npmjs.org/source-map/-/source-map-0.6.1.tgz",
							"integrity": "sha512-UjgapumWlbMhkBgzT7Ykc5YXUT46F0iKu8SGXq0bcwP5dz/h0Plj6enJqjz1Zbq2l5WaqYnrVbwWOWMyF3F47g==",
							"dev": true
						}
					}
				},
				"supports-color": {
					"version": "5.5.0",
					"resolved": "https://registry.npmjs.org/supports-color/-/supports-color-5.5.0.tgz",
					"integrity": "sha512-QjVjwdXIt408MIiAqCX4oUKsgU2EqAGzs2Ppkm4aQYbjm+ZEWEcW4SfFNTr4uMNZma0ey4f5lgLrkB0aX0QMow==",
					"dev": true,
					"requires": {
						"has-flag": "^3.0.0"
					}
				},
				"vue-style-loader": {
					"version": "3.1.2",
					"resolved": "https://registry.npmjs.org/vue-style-loader/-/vue-style-loader-3.1.2.tgz",
					"integrity": "sha512-ICtVdK/p+qXWpdSs2alWtsXt9YnDoYjQe0w5616j9+/EhjoxZkbun34uWgsMFnC1MhrMMwaWiImz3K2jK1Yp2Q==",
					"dev": true,
					"requires": {
						"hash-sum": "^1.0.2",
						"loader-utils": "^1.0.2"
					}
				}
			}
		},
		"mpvue-template-compiler": {
			"version": "1.4.6",
			"resolved": "https://registry.npmjs.org/mpvue-template-compiler/-/mpvue-template-compiler-1.4.6.tgz",
			"integrity": "sha512-6uXZQ40ovH7WKz9VOIYaB3M7OLyAf2OcbvPAPB7dCOSWcZV19i09AF7XeyXVQqe7PiQr1SQYUEDD4splZLvbyQ==",
			"dev": true,
			"requires": {
				"de-indent": "^1.0.2",
				"he": "^1.1.0"
			}
		},
		"mpvue-webpack-target": {
			"version": "1.0.0",
			"resolved": "http://registry.npm.taobao.org/mpvue-webpack-target/download/mpvue-webpack-target-1.0.0.tgz",
			"integrity": "sha1-URfu7K/CnzXD49/VvLflobjoK2g=",
			"dev": true
		},
		"mpvue-wxparse": {
			"version": "0.6.5",
			"resolved": "https://registry.npmjs.org/mpvue-wxparse/-/mpvue-wxparse-0.6.5.tgz",
			"integrity": "sha512-1vm3NQNkTLZvijYEXNGJE4AUdwA2IGJvHjrk+QZQkzp/dXWYQwPjrAG+2cJa+svHSg2gnEp7CGEnZ5aRFBAUOA=="
		},
		"ncp": {
			"version": "2.0.0",
			"resolved": "http://registry.npm.taobao.org/ncp/download/ncp-2.0.0.tgz",
			"integrity": "sha1-GVoh1sRuNh0vsSgbo4uR6d9727M="
		},
		"normalize-range": {
			"version": "0.1.2",
			"resolved": "http://registry.npm.taobao.org/normalize-range/download/normalize-range-0.1.2.tgz",
			"integrity": "sha1-LRDAa9/TEuqXd2laTShDlFa3WUI=",
			"dev": true
		},
		"num2fraction": {
			"version": "1.2.2",
			"resolved": "http://registry.npm.taobao.org/num2fraction/download/num2fraction-1.2.2.tgz",
			"integrity": "sha1-b2gragJ6Tp3fpFZM0lidHU5mnt4=",
			"dev": true
		},
		"optimize-css-assets-webpack-plugin": {
			"version": "3.2.0",
			"resolved": "http://registry.npm.taobao.org/optimize-css-assets-webpack-plugin/download/optimize-css-assets-webpack-plugin-3.2.0.tgz",
			"integrity": "sha1-CaQMTO/eHdAUJESoc8Vqop6xjm8=",
			"dev": true
		},
		"ora": {
			"version": "2.1.0",
			"resolved": "http://registry.npm.taobao.org/ora/download/ora-2.1.0.tgz",
			"integrity": "sha1-bK8oMOuSSUGGHsU6FzeZ4Ai1Hls=",
			"dev": true,
			"dependencies": {
				"ansi-regex": {
					"version": "3.0.0",
					"resolved": "http://registry.npm.taobao.org/ansi-regex/download/ansi-regex-3.0.0.tgz",
					"integrity": "sha1-7QMXwyIGT3lGbAKWa922Bas32Zg="
				},
				"strip-ansi": {
					"version": "4.0.0",
					"resolved": "http://registry.npm.taobao.org/strip-ansi/download/strip-ansi-4.0.0.tgz",
					"integrity": "sha1-qEeQIusaw2iocTibY1JixQXuNo8="
				}
			}
		},
		"parallelshell": {
			"version": "3.0.2",
			"resolved": "http://registry.npm.taobao.org/parallelshell/download/parallelshell-3.0.2.tgz",
			"integrity": "sha1-//xVqqFFvdRLU4HPf9XlIfwhqns=",
			"dev": true
		},
		"portfinder": {
			"version": "1.0.13",
			"resolved": "http://registry.npm.taobao.org/portfinder/download/portfinder-1.0.13.tgz",
			"integrity": "sha1-uzLs2HwnEErm7kS1o8y/Drsa7ek=",
			"dev": true,
			"dependencies": {
				"async": {
					"version": "1.5.2",
					"resolved": "http://registry.npm.taobao.org/async/download/async-1.5.2.tgz",
					"integrity": "sha1-7GphrlZIDAw8skHJVhjiCJL5Zyo="
				}
			}
		},
		"postcss-load-config": {
			"version": "1.2.0",
			"resolved": "http://registry.npm.taobao.org/postcss-load-config/download/postcss-load-config-1.2.0.tgz",
			"integrity": "sha1-U56a/J3chiASHr+djDZz4M5Q0oo=",
			"dev": true
		},
		"postcss-loader": {
			"version": "2.1.5",
			"resolved": "http://registry.npm.taobao.org/postcss-loader/download/postcss-loader-2.1.5.tgz",
			"integrity": "sha1-PGM27mQcj5UTgXJTOuRhqDWV54g=",
			"dev": true,
			"dependencies": {
				"ajv": {
					"version": "6.5.0",
					"resolved": "http://registry.npm.taobao.org/ajv/download/ajv-6.5.0.tgz",
					"integrity": "sha1-TIr/34CIfY8TLJxSq4otxNC3skw="
				},
				"ajv-keywords": {
					"version": "3.2.0",
					"resolved": "http://registry.npm.taobao.org/ajv-keywords/download/ajv-keywords-3.2.0.tgz",
					"integrity": "sha1-6GuBnGAs+IIa1jdBNpjx3sAhhHo="
				},
				"fast-deep-equal": {
					"version": "2.0.1",
					"resolved": "http://registry.npm.taobao.org/fast-deep-equal/download/fast-deep-equal-2.0.1.tgz",
					"integrity": "sha1-ewUhjd+WZ79/Nwv3/bLLFf3Qqkk="
				},
				"postcss": {
					"version": "6.0.22",
					"resolved": "http://registry.npm.taobao.org/postcss/download/postcss-6.0.22.tgz",
					"integrity": "sha1-4jt4MUkFw7kMvWFwISHnp4hI8qM="
				},
				"schema-utils": {
					"version": "0.4.5",
					"resolved": "http://registry.npm.taobao.org/schema-utils/download/schema-utils-0.4.5.tgz",
					"integrity": "sha1-IYNvBgiqwXt4+ePiTa/xSlyhOj4="
				},
				"source-map": {
					"version": "0.6.1",
					"resolved": "http://registry.npm.taobao.org/source-map/download/source-map-0.6.1.tgz",
					"integrity": "sha1-dHIq8y6WFOnCh6jQu95IteLxomM="
				},
				"supports-color": {
					"version": "5.4.0",
					"resolved": "http://registry.npm.taobao.org/supports-color/download/supports-color-5.4.0.tgz",
					"integrity": "sha1-HGszdALCE3YF7+GfEP7DkPb6q1Q="
				}
			}
		},
		"postcss-mpvue-wxss": {
			"version": "1.0.0",
			"resolved": "http://registry.npm.taobao.org/postcss-mpvue-wxss/download/postcss-mpvue-wxss-1.0.0.tgz",
			"integrity": "sha1-uyINfrU9zPXunrf4olGGz9uiuhY=",
			"dev": true,
			"dependencies": {
				"postcss": {
					"version": "6.0.22",
					"resolved": "http://registry.npm.taobao.org/postcss/download/postcss-6.0.22.tgz",
					"integrity": "sha1-4jt4MUkFw7kMvWFwISHnp4hI8qM="
				},
				"source-map": {
					"version": "0.6.1",
					"resolved": "http://registry.npm.taobao.org/source-map/download/source-map-0.6.1.tgz",
					"integrity": "sha1-dHIq8y6WFOnCh6jQu95IteLxomM="
				},
				"supports-color": {
					"version": "5.4.0",
					"resolved": "http://registry.npm.taobao.org/supports-color/download/supports-color-5.4.0.tgz",
					"integrity": "sha1-HGszdALCE3YF7+GfEP7DkPb6q1Q="
				}
			}
		},
		"postcss-selector-parser": {
			"version": "2.2.3",
			"resolved": "http://registry.npm.taobao.org/postcss-selector-parser/download/postcss-selector-parser-2.2.3.tgz",
			"integrity": "sha1-+UN3iGBsPJrO4W/+jYsWKX8nu5A=",
			"dev": true
		},
		"postcss-value-parser": {
			"version": "3.3.0",
			"resolved": "http://registry.npm.taobao.org/postcss-value-parser/download/postcss-value-parser-3.3.0.tgz",
			"integrity": "sha1-h/OPnxj3dKSrTIojL1xc6IcqnRU=",
			"dev": true
		},
		"prettier": {
			"version": "1.12.1",
			"resolved": "http://registry.npm.taobao.org/prettier/download/prettier-1.12.1.tgz",
			"integrity": "sha1-wa0g6APndJ+vkFpAnSNn4Gu+cyU=",
			"dev": true
		},
		"promise": {
			"version": "8.0.3",
			"resolved": "https://registry.npmjs.org/promise/-/promise-8.0.3.tgz",
			"integrity": "sha512-HeRDUL1RJiLhyA0/grn+PTShlBAcLuh/1BJGtrvjwbvRDCTLLMEz9rOGCV+R3vHY4MixIuoMEd9Yq/XvsTPcjw=="
		},
		"px2rpx-loader": {
			"version": "0.1.10",
			"resolved": "http://registry.npm.taobao.org/px2rpx-loader/download/px2rpx-loader-0.1.10.tgz",
			"integrity": "sha1-FbcNjOggo0wlCEX9RU214YduHCU=",
			"dev": true
		},
		"qs": {
			"version": "6.5.2",
			"resolved": "http://registry.npm.taobao.org/qs/download/qs-6.5.2.tgz",
			"integrity": "sha1-yzroBuh0BERYTvFUzo7pjUA/PjY="
		},
		"recursive-copy": {
			"version": "2.0.9",
			"resolved": "http://registry.npm.taobao.org/recursive-copy/download/recursive-copy-2.0.9.tgz",
			"integrity": "sha1-2VJN7bNkCSdMu7MnbNigIqvKiSA=",
			"dev": true,
			"dependencies": {
				"pify": {
					"version": "2.3.0",
					"resolved": "http://registry.npm.taobao.org/pify/download/pify-2.3.0.tgz",
					"integrity": "sha1-7RQaasBDqEnqWISY59yosVMw6Qw="
				},
				"promise": {
					"version": "7.3.1",
					"resolved": "http://registry.npm.taobao.org/promise/download/promise-7.3.1.tgz",
					"integrity": "sha1-BktyYCsY+Q8pGSuLG8QY/9Hr078="
				}
			}
		},
		"relative": {
			"version": "3.0.2",
			"resolved": "https://registry.npmjs.org/relative/-/relative-3.0.2.tgz",
			"integrity": "sha512-Q5W2qeYtY9GbiR8z1yHNZ1DGhyjb4AnLEjt8iE6XfcC1QIu+FAtj3HQaO0wH28H1mX6cqNLvAqWhP402dxJGyA==",
			"dev": true,
			"requires": {
				"isobject": "^2.0.0"
			},
			"dependencies": {
				"isobject": {
					"version": "2.1.0",
					"resolved": "https://registry.npmjs.org/isobject/-/isobject-2.1.0.tgz",
					"integrity": "sha512-+OUdGJlgjOBZDfxnDjYYG6zp487z0JGNQq3cYQYg5f5hKR+syHMsaztzGeml/4kGG55CSpKSpWTY+jYGgsHLgA==",
					"dev": true,
					"requires": {
						"isarray": "1.0.0"
					}
				}
			}
		},
		"resolve": {
			"version": "1.7.1",
			"resolved": "http://registry.npm.taobao.org/resolve/download/resolve-1.7.1.tgz",
			"integrity": "sha1-qt1lY3T9KYruiVvAJrgpdBhnf9M=",
			"dev": true
		},
		"rimraf": {
			"version": "2.6.2",
			"resolved": "http://registry.npm.taobao.org/rimraf/download/rimraf-2.6.2.tgz",
			"integrity": "sha1-LtgVDSShbqhlHm1u8PR8QVjOejY=",
			"dev": true
		},
		"save": {
			"version": "2.3.2",
			"resolved": "http://registry.npm.taobao.org/save/download/save-2.3.2.tgz",
			"integrity": "sha1-hZJnS1VlzE4SvG3dnLCfgo4+z30="
		},
		"semver": {
			"version": "5.5.0",
			"resolved": "http://registry.npm.taobao.org/semver/download/semver-5.5.0.tgz",
			"integrity": "sha1-3Eu8emyp2Rbe5dQ1FvAJK1j3uKs=",
			"dev": true
		},
		"shelljs": {
			"version": "0.8.2",
			"resolved": "http://registry.npm.taobao.org/shelljs/download/shelljs-0.8.2.tgz",
			"integrity": "sha1-NFt993Y/TCNA1YSrtTLF91LKnjU=",
			"dev": true
		},
		"source-map": {
			"version": "0.5.7",
			"resolved": "http://registry.npm.taobao.org/source-map/download/source-map-0.5.7.tgz",
			"integrity": "sha1-igOdLRAh0i0eoUyA2OpGi6LvP8w=",
			"dev": true
		},
		"uglifyjs-webpack-plugin": {
			"version": "1.2.5",
			"resolved": "http://registry.npm.taobao.org/uglifyjs-webpack-plugin/download/uglifyjs-webpack-plugin-1.2.5.tgz",
			"integrity": "sha1-Lvg4fI8akD7F5E+jb588vc6mdkE=",
			"dev": true,
			"dependencies": {
				"ajv": {
					"version": "6.5.0",
					"resolved": "http://registry.npm.taobao.org/ajv/download/ajv-6.5.0.tgz",
					"integrity": "sha1-TIr/34CIfY8TLJxSq4otxNC3skw="
				},
				"ajv-keywords": {
					"version": "3.2.0",
					"resolved": "http://registry.npm.taobao.org/ajv-keywords/download/ajv-keywords-3.2.0.tgz",
					"integrity": "sha1-6GuBnGAs+IIa1jdBNpjx3sAhhHo="
				},
				"commander": {
					"version": "2.13.0",
					"resolved": "http://registry.npm.taobao.org/commander/download/commander-2.13.0.tgz",
					"integrity": "sha1-aWS8pnaF33wfFDDFhPB9dZeIW5w="
				},
				"fast-deep-equal": {
					"version": "2.0.1",
					"resolved": "http://registry.npm.taobao.org/fast-deep-equal/download/fast-deep-equal-2.0.1.tgz",
					"integrity": "sha1-ewUhjd+WZ79/Nwv3/bLLFf3Qqkk="
				},
				"schema-utils": {
					"version": "0.4.5",
					"resolved": "http://registry.npm.taobao.org/schema-utils/download/schema-utils-0.4.5.tgz",
					"integrity": "sha1-IYNvBgiqwXt4+ePiTa/xSlyhOj4="
				},
				"source-map": {
					"version": "0.6.1",
					"resolved": "http://registry.npm.taobao.org/source-map/download/source-map-0.6.1.tgz",
					"integrity": "sha1-dHIq8y6WFOnCh6jQu95IteLxomM="
				},
				"uglify-es": {
					"version": "3.3.9",
					"resolved": "http://registry.npm.taobao.org/uglify-es/download/uglify-es-3.3.9.tgz",
					"integrity": "sha1-DBxPBwC+2NvBJM2zBNJZLKID5nc="
				}
			}
		},
		"underscore": {
			"version": "1.9.1",
			"resolved": "http://registry.npm.taobao.org/underscore/download/underscore-1.9.1.tgz",
			"integrity": "sha1-BtzjSg5op7q8KbNluOdLiSUgOWE="
		},
		"upath": {
			"version": "1.1.0",
			"resolved": "http://registry.npm.taobao.org/upath/download/upath-1.1.0.tgz",
			"integrity": "sha1-NSVll+RqWB20eT0M5H+prr/J+r0=",
			"dev": true
		},
		"url": {
			"version": "0.11.0",
			"resolved": "http://registry.npm.taobao.org/url/download/url-0.11.0.tgz",
			"integrity": "sha1-ODjpfPxgUh63PFJajlW/3Z4uKPE=",
			"dependencies": {
				"punycode": {
					"version": "1.3.2",
					"resolved": "http://registry.npm.taobao.org/punycode/download/punycode-1.3.2.tgz",
					"integrity": "sha1-llOgNvt8HuQjQvIyXM7v6jkmxI0="
				}
			}
		},
		"url-loader": {
			"version": "1.0.1",
			"resolved": "http://registry.npm.taobao.org/url-loader/download/url-loader-1.0.1.tgz",
			"integrity": "sha1-YbxT8fGE1zQ9onKKEonvhyLqRe4=",
			"dev": true,
			"dependencies": {
				"ajv": {
					"version": "6.5.0",
					"resolved": "http://registry.npm.taobao.org/ajv/download/ajv-6.5.0.tgz",
					"integrity": "sha1-TIr/34CIfY8TLJxSq4otxNC3skw="
				},
				"ajv-keywords": {
					"version": "3.2.0",
					"resolved": "http://registry.npm.taobao.org/ajv-keywords/download/ajv-keywords-3.2.0.tgz",
					"integrity": "sha1-6GuBnGAs+IIa1jdBNpjx3sAhhHo="
				},
				"fast-deep-equal": {
					"version": "2.0.1",
					"resolved": "http://registry.npm.taobao.org/fast-deep-equal/download/fast-deep-equal-2.0.1.tgz",
					"integrity": "sha1-ewUhjd+WZ79/Nwv3/bLLFf3Qqkk="
				},
				"mime": {
					"version": "2.3.1",
					"resolved": "http://registry.npm.taobao.org/mime/download/mime-2.3.1.tgz",
					"integrity": "sha1-sWIcVNY7l8R9PP5/chX31kUXw2k="
				},
				"schema-utils": {
					"version": "0.4.5",
					"resolved": "http://registry.npm.taobao.org/schema-utils/download/schema-utils-0.4.5.tgz",
					"integrity": "sha1-IYNvBgiqwXt4+ePiTa/xSlyhOj4="
				}
			}
		},
		"vue-hot-reload-api": {
			"version": "2.3.0",
			"resolved": "http://registry.npm.taobao.org/vue-hot-reload-api/download/vue-hot-reload-api-2.3.0.tgz",
			"integrity": "sha1-l5dhQkBdE9jvrhVHSeiMTjWM+SY=",
			"dev": true
		},
		"vue-loader": {
			"version": "13.7.1",
			"resolved": "http://registry.npm.taobao.org/vue-loader/download/vue-loader-13.7.1.tgz",
			"integrity": "sha1-2QCdCr05K07+i4+x9UL2cjsC3To=",
			"dev": true,
			"dependencies": {
				"postcss": {
					"version": "6.0.22",
					"resolved": "http://registry.npm.taobao.org/postcss/download/postcss-6.0.22.tgz",
					"integrity": "sha1-4jt4MUkFw7kMvWFwISHnp4hI8qM="
				},
				"source-map": {
					"version": "0.6.1",
					"resolved": "http://registry.npm.taobao.org/source-map/download/source-map-0.6.1.tgz",
					"integrity": "sha1-dHIq8y6WFOnCh6jQu95IteLxomM="
				},
				"supports-color": {
					"version": "5.4.0",
					"resolved": "http://registry.npm.taobao.org/supports-color/download/supports-color-5.4.0.tgz",
					"integrity": "sha1-HGszdALCE3YF7+GfEP7DkPb6q1Q="
				},
				"vue-style-loader": {
					"version": "3.1.2",
					"resolved": "http://registry.npm.taobao.org/vue-style-loader/download/vue-style-loader-3.1.2.tgz",
					"integrity": "sha1-a2atNJmPyVIMLx5NX6QJFkHBWXo="
				}
			}
		},
		"vue-style-loader": {
			"version": "4.1.0",
			"resolved": "http://registry.npm.taobao.org/vue-style-loader/download/vue-style-loader-4.1.0.tgz",
			"integrity": "sha1-dYi9d44sn42Hv8PFpKA5Y42nqGM=",
			"dev": true
		},
		"vue-template-compiler": {
			"version": "2.6.10",
			"resolved": "https://registry.npmjs.org/vue-template-compiler/-/vue-template-compiler-2.6.10.tgz",
			"integrity": "sha512-jVZkw4/I/HT5ZMvRnhv78okGusqe0+qH2A0Em0Cp8aq78+NK9TII263CDVz2QXZsIT+yyV/gZc/j/vlwa+Epyg=="
		},
		"vue-template-es2015-compiler": {
			"version": "1.6.0",
			"resolved": "http://registry.npm.taobao.org/vue-template-es2015-compiler/download/vue-template-es2015-compiler-1.6.0.tgz",
			"integrity": "sha1-3EJpcTMwLOMBdSQ1amxht7abShg=",
			"dev": true
		},
		"vuex": {
			"version": "3.0.1",
			"resolved": "http://registry.npm.taobao.org/vuex/download/vuex-3.0.1.tgz",
			"integrity": "sha1-52E1Lr4K9TfUu3Vam53Evj3379I="
		},
		"webpack": {
			"version": "3.12.0",
			"resolved": "http://registry.npm.taobao.org/webpack/download/webpack-3.12.0.tgz",
			"integrity": "sha1-P540NgNwYC/PY56Xk520hvTsDXQ=",
			"dev": true,
			"dependencies": {
				"ajv": {
					"version": "6.5.0",
					"resolved": "http://registry.npm.taobao.org/ajv/download/ajv-6.5.0.tgz",
					"integrity": "sha1-TIr/34CIfY8TLJxSq4otxNC3skw="
				},
				"ajv-keywords": {
					"version": "3.2.0",
					"resolved": "http://registry.npm.taobao.org/ajv-keywords/download/ajv-keywords-3.2.0.tgz",
					"integrity": "sha1-6GuBnGAs+IIa1jdBNpjx3sAhhHo="
				},
				"fast-deep-equal": {
					"version": "2.0.1",
					"resolved": "http://registry.npm.taobao.org/fast-deep-equal/download/fast-deep-equal-2.0.1.tgz",
					"integrity": "sha1-ewUhjd+WZ79/Nwv3/bLLFf3Qqkk="
				},
				"has-flag": {
					"version": "2.0.0",
					"resolved": "http://registry.npm.taobao.org/has-flag/download/has-flag-2.0.0.tgz",
					"integrity": "sha1-6CB68cx7MNRGzHC3NLXovhj4jVE="
				},
				"supports-color": {
					"version": "4.5.0",
					"resolved": "http://registry.npm.taobao.org/supports-color/download/supports-color-4.5.0.tgz",
					"integrity": "sha1-vnoN5ITexcXN34s9WRJQRJEvY1s="
				},
				"tapable": {
					"version": "0.2.8",
					"resolved": "http://registry.npm.taobao.org/tapable/download/tapable-0.2.8.tgz",
					"integrity": "sha1-mTcqXJmb8t8WCvwNdL7U9HlIzSI="
				},
				"uglify-js": {
					"version": "2.8.29",
					"resolved": "http://registry.npm.taobao.org/uglify-js/download/uglify-js-2.8.29.tgz",
					"integrity": "sha1-KcVzMUgFe7Th913zW3qcty5qWd0=",
					"dependencies": {
						"yargs": {
							"version": "3.10.0",
							"resolved": "http://registry.npm.taobao.org/yargs/download/yargs-3.10.0.tgz",
							"integrity": "sha1-9+572FfdfB0tOMDnTvvWgdFDH9E="
						}
					}
				},
				"uglifyjs-webpack-plugin": {
					"version": "0.4.6",
					"resolved": "http://registry.npm.taobao.org/uglifyjs-webpack-plugin/download/uglifyjs-webpack-plugin-0.4.6.tgz",
					"integrity": "sha1-uVH0q7a9YX5m9j64kUmOORdj4wk="
				}
			}
		},
		"webpack-bundle-analyzer": {
			"version": "2.13.1",
			"resolved": "http://registry.npm.taobao.org/webpack-bundle-analyzer/download/webpack-bundle-analyzer-2.13.1.tgz",
			"integrity": "sha1-B9IXbG6Gw83OTCPlb64qe2tK1SY=",
			"dev": true
		},
		"webpack-dev-middleware-hard-disk": {
			"version": "1.12.1",
			"resolved": "http://registry.npm.taobao.org/webpack-dev-middleware-hard-disk/download/webpack-dev-middleware-hard-disk-1.12.1.tgz",
			"integrity": "sha1-IKwaPXAIqIr3bsP6OmsQfiiws6Y=",
			"dev": true
		},
		"webpack-merge": {
			"version": "4.1.2",
			"resolved": "http://registry.npm.taobao.org/webpack-merge/download/webpack-merge-4.1.2.tgz",
			"integrity": "sha1-XTct3dPh5fiHT1v1qOkp2wn+shY=",
			"dev": true
		},
		"webpack-mpvue-asset-plugin": {
			"version": "0.0.2",
			"resolved": "http://registry.npm.taobao.org/webpack-mpvue-asset-plugin/download/webpack-mpvue-asset-plugin-0.0.2.tgz",
			"integrity": "sha1-MK0pBPsz3iq2MjP5CZwm0Tx+OhU=",
			"dev": true
		}
	}
}
